
Microsoft Visual Studio Solution File, Format Version 12.00
# Visual Studio Version 16
VisualStudioVersion = 16.0.29009.5
MinimumVisualStudioVersion = 10.0.40219.1
Project("{9A19103F-16F7-4668-BE54-9A1E7A4F7556}") = "Tacos.Identity.Service", "Tacos.Identity.Service\Tacos.Identity.Service.csproj", "{2243F6D6-F9D2-4921-94A6-72680267D33F}"
EndProject
Project("{9A19103F-16F7-4668-BE54-9A1E7A4F7556}") = "Tacos.Api", "Tacos.Api\Tacos.Api.csproj", "{BBE1D3DA-3ACC-4C12-9DF5-10143AC8258E}"
EndProject
Project("{9A19103F-16F7-4668-BE54-9A1E7A4F7556}") = "Tacos.Client", "Tacos.Client\Tacos.Client.csproj", "{2DA216CF-384C-4546-AEE7-C15D94159A43}"
EndProject
Project("{9A19103F-16F7-4668-BE54-9A1E7A4F7556}") = "Tacos.Client.Web", "Tacos.Client.Web\Tacos.Client.Web.csproj", "{63714EDE-70CC-44F8-BBD6-2D892E72F37E}"
EndProject
Global
	GlobalSection(SolutionConfigurationPlatforms) = preSolution
		Debug|Any CPU = Debug|Any CPU
		Release|Any CPU = Release|Any CPU
	EndGlobalSection
	GlobalSection(ProjectConfigurationPlatforms) = postSolution
		{2243F6D6-F9D2-4921-94A6-72680267D33F}.Debug|Any CPU.ActiveCfg = Debug|Any CPU
		{2243F6D6-F9D2-4921-94A6-72680267D33F}.Debug|Any CPU.Build.0 = Debug|Any CPU
		{2243F6D6-F9D2-4921-94A6-72680267D33F}.Release|Any CPU.ActiveCfg = Release|Any CPU
		{2243F6D6-F9D2-4921-94A6-72680267D33F}.Release|Any CPU.Build.0 = Release|Any CPU
		{BBE1D3DA-3ACC-4C12-9DF5-10143AC8258E}.Debug|Any CPU.ActiveCfg = Debug|Any CPU
		{BBE1D3DA-3ACC-4C12-9DF5-10143AC8258E}.Debug|Any CPU.Build.0 = Debug|Any CPU
		{BBE1D3DA-3ACC-4C12-9DF5-10143AC8258E}.Release|Any CPU.ActiveCfg = Release|Any CPU
		{BBE1D3DA-3ACC-4C12-9DF5-10143AC8258E}.Release|Any CPU.Build.0 = Release|Any CPU
		{2DA216CF-384C-4546-AEE7-C15D94159A43}.Debug|Any CPU.ActiveCfg = Debug|Any CPU
		{2DA216CF-384C-4546-AEE7-C15D94159A43}.Debug|Any CPU.Build.0 = Debug|Any CPU
		{2DA216CF-384C-4546-AEE7-C15D94159A43}.Release|Any CPU.ActiveCfg = Release|Any CPU
		{2DA216CF-384C-4546-AEE7-C15D94159A43}.Release|Any CPU.Build.0 = Release|Any CPU
		{63714EDE-70CC-44F8-BBD6-2D892E72F37E}.Debug|Any CPU.ActiveCfg = Debug|Any CPU
		{63714EDE-70CC-44F8-BBD6-2D892E72F37E}.Debug|Any CPU.Build.0 = Debug|Any CPU
		{63714EDE-70CC-44F8-BBD6-2D892E72F37E}.Release|Any CPU.ActiveCfg = Release|Any CPU
		{63714EDE-70CC-44F8-BBD6-2D892E72F37E}.Release|Any CPU.Build.0 = Release|Any CPU
	EndGlobalSection
	GlobalSection(SolutionProperties) = preSolution
		HideSolutionNode = FALSE
	EndGlobalSection
	GlobalSection(ExtensibilityGlobals) = postSolution
		SolutionGuid = {9881B87F-8004-49BB-8DE4-73C7DC9D90AC}
	EndGlobalSection
EndGlobal
